
Microsoft Visual Studio Solution File, Format Version 12.00
# Visual Studio Version 17
VisualStudioVersion = 17.1.32328.378
MinimumVisualStudioVersion = 10.0.40219.1
Project("{2150E333-8FDC-42A3-9474-1A3956D46DE8}") = "CommonLibrary", "CommonLibrary", "{0C1CC24B-910E-488E-8B09-A77056D84ACC}"
EndProject
Project("{9A19103F-16F7-4668-BE54-9A1E7A4F7556}") = "GFS.Common", "GFS.Common\GFS.Common.csproj", "{A93140BD-8198-42C3-A17E-FDAF822A4A46}"
EndProject
Project("{9A19103F-16F7-4668-BE54-9A1E7A4F7556}") = "GFS.EF", "GFS.EF\GFS.EF.csproj", "{11B2AD6F-2020-46A8-84B8-3E0EE3481F3E}"
EndProject
Project("{9A19103F-16F7-4668-BE54-9A1E7A4F7556}") = "GFS.WebApplication", "GFS.WebApplication\GFS.WebApplication.csproj", "{DD29348C-5683-49DB-B840-8D89039004A5}"
EndProject
Project("{2150E333-8FDC-42A3-9474-1A3956D46DE8}") = "Test", "Test", "{87A66F75-8C34-47A9-A296-D67529B58628}"
EndProject
Project("{9A19103F-16F7-4668-BE54-9A1E7A4F7556}") = "GFS.GrailCommon", "GFS.GrailCommon\GFS.GrailCommon.csproj", "{139BF1CE-A2C1-4BDC-879D-98100A0830CF}"
EndProject
Project("{FAE04EC0-301F-11D3-BF4B-00C04F79EFBC}") = "GFS.Api", "GFS.Api\GFS.Api.csproj", "{DDD36FC3-D574-4FFB-8580-E22A59B1DC3F}"
EndProject
Project("{2150E333-8FDC-42A3-9474-1A3956D46DE8}") = "testApp1", "testApp1", "{CD971CB3-EF1D-4620-BD12-DA3C86864728}"
EndProject
Project("{2150E333-8FDC-42A3-9474-1A3956D46DE8}") = "testApp2", "testApp2", "{23E9B770-AED2-4B90-B6BF-963E6CCCDB5F}"
EndProject
Project("{FAE04EC0-301F-11D3-BF4B-00C04F79EFBC}") = "TestWebApp1", "TestWebApp1\TestWebApp1.csproj", "{DB9C6028-5296-413F-9643-10BD50E3F79B}"
EndProject
Project("{FAE04EC0-301F-11D3-BF4B-00C04F79EFBC}") = "TestWebApp2", "TestWebApp2\TestWebApp2.csproj", "{0B5863DC-2313-45C6-86FE-F804B31DE896}"
EndProject
Project("{FAE04EC0-301F-11D3-BF4B-00C04F79EFBC}") = "testApi1", "testApi1\testApi1.csproj", "{C86C1A59-6DCD-463C-915A-A5EAB00C59D8}"
EndProject
Project("{FAE04EC0-301F-11D3-BF4B-00C04F79EFBC}") = "GFS.Api.Client", "GFS.Api.Client\GFS.Api.Client.csproj", "{26121964-D7BF-496D-8AB1-AE5667998E65}"
EndProject
Project("{2150E333-8FDC-42A3-9474-1A3956D46DE8}") = "QuotesService", "QuotesService", "{A6D006F4-2E0D-4CFA-B0D8-A46169100865}"
EndProject
Project("{FAE04EC0-301F-11D3-BF4B-00C04F79EFBC}") = "GFS.QuotesService.Api", "GFS.QuotesService.Api\GFS.QuotesService.Api.csproj", "{DE23B06E-2B2A-4ED1-85DC-E0285B6B1FB3}"
EndProject
Project("{2150E333-8FDC-42A3-9474-1A3956D46DE8}") = "AutomatedTradeSystem", "AutomatedTradeSystem", "{15AC4D16-F203-4DCA-B12C-25C0D47F4918}"
EndProject
Project("{FAE04EC0-301F-11D3-BF4B-00C04F79EFBC}") = "GFS.ATS.Api", "GFS.ATS.Api\GFS.ATS.Api.csproj", "{D3E58BC7-92FD-4F31-B269-6627F5CD08D2}"
EndProject
Project("{FAE04EC0-301F-11D3-BF4B-00C04F79EFBC}") = "GFS.ATS.BL", "GFS.ATS.BL\GFS.ATS.BL.csproj", "{84253BDD-EF57-4260-9AB8-49A246DD20A6}"
EndProject
Project("{FAE04EC0-301F-11D3-BF4B-00C04F79EFBC}") = "GFS.ATS.DAL", "GFS.ATS.DAL\GFS.ATS.DAL.csproj", "{B2EF3EBC-C54B-412A-B1D0-16497BEE7787}"
EndProject
Project("{FAE04EC0-301F-11D3-BF4B-00C04F79EFBC}") = "GFS.ATS.WebApp", "GFS.ATS.WebApp\GFS.ATS.WebApp.csproj", "{634D43F5-9F6A-48CF-BBB6-C38B15D9D219}"
EndProject
Project("{FAE04EC0-301F-11D3-BF4B-00C04F79EFBC}") = "GFS.QuotesService.DAL", "GFS.QuotesService.DAL\GFS.QuotesService.DAL.csproj", "{4705C156-21E1-4875-B710-B843D76867FA}"
EndProject
Project("{FAE04EC0-301F-11D3-BF4B-00C04F79EFBC}") = "GFS.QuotesService.BL", "GFS.QuotesService.BL\GFS.QuotesService.BL.csproj", "{FE370598-1A0A-4CFF-B592-7E3A6BEB2B09}"
EndProject
Project("{FAE04EC0-301F-11D3-BF4B-00C04F79EFBC}") = "GFS.QuotesService.WebApp", "GFS.QuotesService.WebApp\GFS.QuotesService.WebApp.csproj", "{6BE319D4-18B0-4191-8298-EDC3097D16D2}"
EndProject
Project("{FAE04EC0-301F-11D3-BF4B-00C04F79EFBC}") = "GFS.QuotesService.BackgroundWorker", "GFS.QuotesService.BackgroundWorker\GFS.QuotesService.BackgroundWorker.csproj", "{AFA67D09-BF30-424A-BEC6-D7EB73AF76D2}"
EndProject
Project("{FAE04EC0-301F-11D3-BF4B-00C04F79EFBC}") = "GFS.QuotesService.BackgroundWorker.Api", "GFS.QuotesService.BackgroundWorker.Api\GFS.QuotesService.BackgroundWorker.Api.csproj", "{4082DAF2-AC46-46F6-9F52-3EA3AC77695C}"
EndProject
Project("{FAE04EC0-301F-11D3-BF4B-00C04F79EFBC}") = "GFS.QuotesService._Common", "GFS.QuotesService._Common\GFS.QuotesService._Common.csproj", "{C9556A6D-B36E-4D21-9218-38390F073E34}"
EndProject
Project("{FAE04EC0-301F-11D3-BF4B-00C04F79EFBC}") = "GFS.QuotesService.Cli", "GFS.QuotesService.Cli\GFS.QuotesService.Cli.csproj", "{9CEB91F1-B130-4A3E-B90F-904C0A118488}"
EndProject
Project("{FAE04EC0-301F-11D3-BF4B-00C04F79EFBC}") = "GFS.ConsoleLibrary", "GFS.ConsoleLibrary\GFS.ConsoleLibrary.csproj", "{35B4B56E-1857-418E-9DE4-F5E981AD755C}"
EndProject
Project("{2150E333-8FDC-42A3-9474-1A3956D46DE8}") = "TradingStrategyTester", "TradingStrategyTester", "{D5ACA4A9-C361-48C4-B22A-6D987A6354BC}"
EndProject
Project("{FAE04EC0-301F-11D3-BF4B-00C04F79EFBC}") = "GFS.TradingStrategyTester.Api", "GFS.TradingStrategyTester.Api\GFS.TradingStrategyTester.Api.csproj", "{8A5E43AF-7827-4AF5-AF32-4ECA41F8DC91}"
EndProject
Project("{FAE04EC0-301F-11D3-BF4B-00C04F79EFBC}") = "GFS.TradingStrategyTester.BackgroundWorker", "GFS.TradingStrategyTester.BackgroundWorker\GFS.TradingStrategyTester.BackgroundWorker.csproj", "{57C2FBDC-0251-4510-B488-D0376350BE59}"
EndProject
Project("{FAE04EC0-301F-11D3-BF4B-00C04F79EFBC}") = "GFS.BackgroundWorker", "GFS.BackgroundWorker\GFS.BackgroundWorker.csproj", "{51C38061-2DDD-4031-AB61-B01F1EA7FBB5}"
EndProject
Project("{FAE04EC0-301F-11D3-BF4B-00C04F79EFBC}") = "GFS.TradingStrategyTester._Common", "GFS.TradingStrategyTester._Common\GFS.TradingStrategyTester._Common.csproj", "{000E54D6-2FBE-48D3-89E2-A086677C0F1E}"
EndProject
Project("{FAE04EC0-301F-11D3-BF4B-00C04F79EFBC}") = "GFS.TradingStrategyTester.BL", "GFS.TradingStrategyTester.BL\GFS.TradingStrategyTester.BL.csproj", "{E753E2A8-E1DE-4F34-8738-85008435C39F}"
EndProject
Project("{2150E333-8FDC-42A3-9474-1A3956D46DE8}") = "Broker", "Broker", "{E03FFE91-53BC-4D25-946C-F486B4B08C23}"
EndProject
Project("{FAE04EC0-301F-11D3-BF4B-00C04F79EFBC}") = "GFS.Broker.BL", "GFS.Broker.BL\GFS.Broker.BL.csproj", "{C15D7352-58F6-4007-989A-4EC4D02F569D}"
EndProject
Project("{FAE04EC0-301F-11D3-BF4B-00C04F79EFBC}") = "GFS.Broker.DAL", "GFS.Broker.DAL\GFS.Broker.DAL.csproj", "{66C96048-9A19-479A-BB46-E3877E272F7E}"
EndProject
Project("{FAE04EC0-301F-11D3-BF4B-00C04F79EFBC}") = "GFS.Broker.Api", "GFS.Broker.Api\GFS.Broker.Api.csproj", "{55367609-1576-496D-83DE-879D9FC0AEEC}"
EndProject
Project("{FAE04EC0-301F-11D3-BF4B-00C04F79EFBC}") = "GFS.Broker.WebApp", "GFS.Broker.WebApp\GFS.Broker.WebApp.csproj", "{95151D13-2315-4974-B49E-1266B1D23FFE}"
EndProject
Project("{2150E333-8FDC-42A3-9474-1A3956D46DE8}") = "AnalysisSystem", "AnalysisSystem", "{ED447BC4-4478-43EB-BC7A-EEC4D7C102E2}"
EndProject
Project("{FAE04EC0-301F-11D3-BF4B-00C04F79EFBC}") = "GFS.AnalysisSystem.BL", "GFS.AnalysisSystem.BL\GFS.AnalysisSystem.BL.csproj", "{791E7D66-1D00-495D-ABF3-E53EFB2E8865}"
EndProject
Project("{FAE04EC0-301F-11D3-BF4B-00C04F79EFBC}") = "GFS.AnalysisSystem.API", "GFS.AnalysisSystem.API\GFS.AnalysisSystem.API.csproj", "{306EB086-439D-432B-80EA-DEBA62E9240E}"
EndProject
Project("{FAE04EC0-301F-11D3-BF4B-00C04F79EFBC}") = "GFS.AnalysisSystem.Library", "GFS.AnalysisSystem.Library\GFS.AnalysisSystem.Library.csproj", "{FDFC8056-25C6-4863-AE81-49C249ED9E5C}"
EndProject
Project("{FAE04EC0-301F-11D3-BF4B-00C04F79EFBC}") = "UnitTests", "UnitTests\UnitTests.csproj", "{1BDA47F6-A91B-40AF-97A7-B26040393868}"
EndProject
Project("{2150E333-8FDC-42A3-9474-1A3956D46DE8}") = "ChartService", "ChartService", "{C1E2EB28-78B5-4430-941E-8413CC93D97C}"
EndProject
Project("{FAE04EC0-301F-11D3-BF4B-00C04F79EFBC}") = "GFS.ChartService.BL", "GFS.ChartService.BL\GFS.ChartService.BL.csproj", "{8A2E282A-6180-44C5-AA79-27D41D9673E6}"
EndProject
Project("{FAE04EC0-301F-11D3-BF4B-00C04F79EFBC}") = "GFS.ChartService.WebApp", "GFS.ChartService.WebApp\GFS.ChartService.WebApp.csproj", "{AB64FAC5-3133-47FD-BAD3-6404FEB75403}"
EndProject
Project("{FAE04EC0-301F-11D3-BF4B-00C04F79EFBC}") = "GFS.ChartService.DAL", "GFS.ChartService.DAL\GFS.ChartService.DAL.csproj", "{EAF7A7E9-3A7B-4CE8-91B4-0AF4FC4199B3}"
EndProject
Project("{2150E333-8FDC-42A3-9474-1A3956D46DE8}") = "CalculationLibrary", "CalculationLibrary", "{4880F6EA-324E-4B5F-B1CF-4922F93239C4}"
EndProject
Project("{FAE04EC0-301F-11D3-BF4B-00C04F79EFBC}") = "GFS.CalculationLibrary.Core", "GFS.CalculationLibrary.Core\GFS.CalculationLibrary.Core.csproj", "{D16B605D-0E3A-443E-B08C-357065746813}"
EndProject
Global
	GlobalSection(SolutionConfigurationPlatforms) = preSolution
		Debug|Any CPU = Debug|Any CPU
		Release|Any CPU = Release|Any CPU
	EndGlobalSection
	GlobalSection(ProjectConfigurationPlatforms) = postSolution
		{A93140BD-8198-42C3-A17E-FDAF822A4A46}.Debug|Any CPU.ActiveCfg = Debug|Any CPU
		{A93140BD-8198-42C3-A17E-FDAF822A4A46}.Debug|Any CPU.Build.0 = Debug|Any CPU
		{A93140BD-8198-42C3-A17E-FDAF822A4A46}.Release|Any CPU.ActiveCfg = Release|Any CPU
		{A93140BD-8198-42C3-A17E-FDAF822A4A46}.Release|Any CPU.Build.0 = Release|Any CPU
		{11B2AD6F-2020-46A8-84B8-3E0EE3481F3E}.Debug|Any CPU.ActiveCfg = Debug|Any CPU
		{11B2AD6F-2020-46A8-84B8-3E0EE3481F3E}.Debug|Any CPU.Build.0 = Debug|Any CPU
		{11B2AD6F-2020-46A8-84B8-3E0EE3481F3E}.Release|Any CPU.ActiveCfg = Release|Any CPU
		{11B2AD6F-2020-46A8-84B8-3E0EE3481F3E}.Release|Any CPU.Build.0 = Release|Any CPU
		{DD29348C-5683-49DB-B840-8D89039004A5}.Debug|Any CPU.ActiveCfg = Debug|Any CPU
		{DD29348C-5683-49DB-B840-8D89039004A5}.Debug|Any CPU.Build.0 = Debug|Any CPU
		{DD29348C-5683-49DB-B840-8D89039004A5}.Release|Any CPU.ActiveCfg = Release|Any CPU
		{DD29348C-5683-49DB-B840-8D89039004A5}.Release|Any CPU.Build.0 = Release|Any CPU
		{139BF1CE-A2C1-4BDC-879D-98100A0830CF}.Debug|Any CPU.ActiveCfg = Debug|Any CPU
		{139BF1CE-A2C1-4BDC-879D-98100A0830CF}.Debug|Any CPU.Build.0 = Debug|Any CPU
		{139BF1CE-A2C1-4BDC-879D-98100A0830CF}.Release|Any CPU.ActiveCfg = Release|Any CPU
		{139BF1CE-A2C1-4BDC-879D-98100A0830CF}.Release|Any CPU.Build.0 = Release|Any CPU
		{DDD36FC3-D574-4FFB-8580-E22A59B1DC3F}.Debug|Any CPU.ActiveCfg = Debug|Any CPU
		{DDD36FC3-D574-4FFB-8580-E22A59B1DC3F}.Debug|Any CPU.Build.0 = Debug|Any CPU
		{DDD36FC3-D574-4FFB-8580-E22A59B1DC3F}.Release|Any CPU.ActiveCfg = Release|Any CPU
		{DDD36FC3-D574-4FFB-8580-E22A59B1DC3F}.Release|Any CPU.Build.0 = Release|Any CPU
		{DB9C6028-5296-413F-9643-10BD50E3F79B}.Debug|Any CPU.ActiveCfg = Debug|Any CPU
		{DB9C6028-5296-413F-9643-10BD50E3F79B}.Debug|Any CPU.Build.0 = Debug|Any CPU
		{DB9C6028-5296-413F-9643-10BD50E3F79B}.Release|Any CPU.ActiveCfg = Release|Any CPU
		{DB9C6028-5296-413F-9643-10BD50E3F79B}.Release|Any CPU.Build.0 = Release|Any CPU
		{0B5863DC-2313-45C6-86FE-F804B31DE896}.Debug|Any CPU.ActiveCfg = Debug|Any CPU
		{0B5863DC-2313-45C6-86FE-F804B31DE896}.Debug|Any CPU.Build.0 = Debug|Any CPU
		{0B5863DC-2313-45C6-86FE-F804B31DE896}.Release|Any CPU.ActiveCfg = Release|Any CPU
		{0B5863DC-2313-45C6-86FE-F804B31DE896}.Release|Any CPU.Build.0 = Release|Any CPU
		{C86C1A59-6DCD-463C-915A-A5EAB00C59D8}.Debug|Any CPU.ActiveCfg = Debug|Any CPU
		{C86C1A59-6DCD-463C-915A-A5EAB00C59D8}.Debug|Any CPU.Build.0 = Debug|Any CPU
		{C86C1A59-6DCD-463C-915A-A5EAB00C59D8}.Release|Any CPU.ActiveCfg = Release|Any CPU
		{C86C1A59-6DCD-463C-915A-A5EAB00C59D8}.Release|Any CPU.Build.0 = Release|Any CPU
		{26121964-D7BF-496D-8AB1-AE5667998E65}.Debug|Any CPU.ActiveCfg = Debug|Any CPU
		{26121964-D7BF-496D-8AB1-AE5667998E65}.Debug|Any CPU.Build.0 = Debug|Any CPU
		{26121964-D7BF-496D-8AB1-AE5667998E65}.Release|Any CPU.ActiveCfg = Release|Any CPU
		{26121964-D7BF-496D-8AB1-AE5667998E65}.Release|Any CPU.Build.0 = Release|Any CPU
		{DE23B06E-2B2A-4ED1-85DC-E0285B6B1FB3}.Debug|Any CPU.ActiveCfg = Debug|Any CPU
		{DE23B06E-2B2A-4ED1-85DC-E0285B6B1FB3}.Debug|Any CPU.Build.0 = Debug|Any CPU
		{DE23B06E-2B2A-4ED1-85DC-E0285B6B1FB3}.Release|Any CPU.ActiveCfg = Release|Any CPU
		{DE23B06E-2B2A-4ED1-85DC-E0285B6B1FB3}.Release|Any CPU.Build.0 = Release|Any CPU
		{D3E58BC7-92FD-4F31-B269-6627F5CD08D2}.Debug|Any CPU.ActiveCfg = Debug|Any CPU
		{D3E58BC7-92FD-4F31-B269-6627F5CD08D2}.Debug|Any CPU.Build.0 = Debug|Any CPU
		{D3E58BC7-92FD-4F31-B269-6627F5CD08D2}.Release|Any CPU.ActiveCfg = Release|Any CPU
		{D3E58BC7-92FD-4F31-B269-6627F5CD08D2}.Release|Any CPU.Build.0 = Release|Any CPU
		{84253BDD-EF57-4260-9AB8-49A246DD20A6}.Debug|Any CPU.ActiveCfg = Debug|Any CPU
		{84253BDD-EF57-4260-9AB8-49A246DD20A6}.Debug|Any CPU.Build.0 = Debug|Any CPU
		{84253BDD-EF57-4260-9AB8-49A246DD20A6}.Release|Any CPU.ActiveCfg = Release|Any CPU
		{84253BDD-EF57-4260-9AB8-49A246DD20A6}.Release|Any CPU.Build.0 = Release|Any CPU
		{B2EF3EBC-C54B-412A-B1D0-16497BEE7787}.Debug|Any CPU.ActiveCfg = Debug|Any CPU
		{B2EF3EBC-C54B-412A-B1D0-16497BEE7787}.Debug|Any CPU.Build.0 = Debug|Any CPU
		{B2EF3EBC-C54B-412A-B1D0-16497BEE7787}.Release|Any CPU.ActiveCfg = Release|Any CPU
		{B2EF3EBC-C54B-412A-B1D0-16497BEE7787}.Release|Any CPU.Build.0 = Release|Any CPU
		{634D43F5-9F6A-48CF-BBB6-C38B15D9D219}.Debug|Any CPU.ActiveCfg = Debug|Any CPU
		{634D43F5-9F6A-48CF-BBB6-C38B15D9D219}.Debug|Any CPU.Build.0 = Debug|Any CPU
		{634D43F5-9F6A-48CF-BBB6-C38B15D9D219}.Release|Any CPU.ActiveCfg = Release|Any CPU
		{634D43F5-9F6A-48CF-BBB6-C38B15D9D219}.Release|Any CPU.Build.0 = Release|Any CPU
		{4705C156-21E1-4875-B710-B843D76867FA}.Debug|Any CPU.ActiveCfg = Debug|Any CPU
		{4705C156-21E1-4875-B710-B843D76867FA}.Debug|Any CPU.Build.0 = Debug|Any CPU
		{4705C156-21E1-4875-B710-B843D76867FA}.Release|Any CPU.ActiveCfg = Release|Any CPU
		{4705C156-21E1-4875-B710-B843D76867FA}.Release|Any CPU.Build.0 = Release|Any CPU
		{FE370598-1A0A-4CFF-B592-7E3A6BEB2B09}.Debug|Any CPU.ActiveCfg = Debug|Any CPU
		{FE370598-1A0A-4CFF-B592-7E3A6BEB2B09}.Debug|Any CPU.Build.0 = Debug|Any CPU
		{FE370598-1A0A-4CFF-B592-7E3A6BEB2B09}.Release|Any CPU.ActiveCfg = Release|Any CPU
		{FE370598-1A0A-4CFF-B592-7E3A6BEB2B09}.Release|Any CPU.Build.0 = Release|Any CPU
		{6BE319D4-18B0-4191-8298-EDC3097D16D2}.Debug|Any CPU.ActiveCfg = Debug|Any CPU
		{6BE319D4-18B0-4191-8298-EDC3097D16D2}.Debug|Any CPU.Build.0 = Debug|Any CPU
		{6BE319D4-18B0-4191-8298-EDC3097D16D2}.Release|Any CPU.ActiveCfg = Release|Any CPU
		{6BE319D4-18B0-4191-8298-EDC3097D16D2}.Release|Any CPU.Build.0 = Release|Any CPU
		{AFA67D09-BF30-424A-BEC6-D7EB73AF76D2}.Debug|Any CPU.ActiveCfg = Debug|Any CPU
		{AFA67D09-BF30-424A-BEC6-D7EB73AF76D2}.Debug|Any CPU.Build.0 = Debug|Any CPU
		{AFA67D09-BF30-424A-BEC6-D7EB73AF76D2}.Release|Any CPU.ActiveCfg = Release|Any CPU
		{AFA67D09-BF30-424A-BEC6-D7EB73AF76D2}.Release|Any CPU.Build.0 = Release|Any CPU
		{4082DAF2-AC46-46F6-9F52-3EA3AC77695C}.Debug|Any CPU.ActiveCfg = Debug|Any CPU
		{4082DAF2-AC46-46F6-9F52-3EA3AC77695C}.Debug|Any CPU.Build.0 = Debug|Any CPU
		{4082DAF2-AC46-46F6-9F52-3EA3AC77695C}.Release|Any CPU.ActiveCfg = Release|Any CPU
		{4082DAF2-AC46-46F6-9F52-3EA3AC77695C}.Release|Any CPU.Build.0 = Release|Any CPU
		{C9556A6D-B36E-4D21-9218-38390F073E34}.Debug|Any CPU.ActiveCfg = Debug|Any CPU
		{C9556A6D-B36E-4D21-9218-38390F073E34}.Debug|Any CPU.Build.0 = Debug|Any CPU
		{C9556A6D-B36E-4D21-9218-38390F073E34}.Release|Any CPU.ActiveCfg = Release|Any CPU
		{C9556A6D-B36E-4D21-9218-38390F073E34}.Release|Any CPU.Build.0 = Release|Any CPU
		{9CEB91F1-B130-4A3E-B90F-904C0A118488}.Debug|Any CPU.ActiveCfg = Debug|Any CPU
		{9CEB91F1-B130-4A3E-B90F-904C0A118488}.Debug|Any CPU.Build.0 = Debug|Any CPU
		{9CEB91F1-B130-4A3E-B90F-904C0A118488}.Release|Any CPU.ActiveCfg = Release|Any CPU
		{9CEB91F1-B130-4A3E-B90F-904C0A118488}.Release|Any CPU.Build.0 = Release|Any CPU
		{35B4B56E-1857-418E-9DE4-F5E981AD755C}.Debug|Any CPU.ActiveCfg = Debug|Any CPU
		{35B4B56E-1857-418E-9DE4-F5E981AD755C}.Debug|Any CPU.Build.0 = Debug|Any CPU
		{35B4B56E-1857-418E-9DE4-F5E981AD755C}.Release|Any CPU.ActiveCfg = Release|Any CPU
		{35B4B56E-1857-418E-9DE4-F5E981AD755C}.Release|Any CPU.Build.0 = Release|Any CPU
		{8A5E43AF-7827-4AF5-AF32-4ECA41F8DC91}.Debug|Any CPU.ActiveCfg = Debug|Any CPU
		{8A5E43AF-7827-4AF5-AF32-4ECA41F8DC91}.Debug|Any CPU.Build.0 = Debug|Any CPU
		{8A5E43AF-7827-4AF5-AF32-4ECA41F8DC91}.Release|Any CPU.ActiveCfg = Release|Any CPU
		{8A5E43AF-7827-4AF5-AF32-4ECA41F8DC91}.Release|Any CPU.Build.0 = Release|Any CPU
		{57C2FBDC-0251-4510-B488-D0376350BE59}.Debug|Any CPU.ActiveCfg = Debug|Any CPU
		{57C2FBDC-0251-4510-B488-D0376350BE59}.Debug|Any CPU.Build.0 = Debug|Any CPU
		{57C2FBDC-0251-4510-B488-D0376350BE59}.Release|Any CPU.ActiveCfg = Release|Any CPU
		{57C2FBDC-0251-4510-B488-D0376350BE59}.Release|Any CPU.Build.0 = Release|Any CPU
		{51C38061-2DDD-4031-AB61-B01F1EA7FBB5}.Debug|Any CPU.ActiveCfg = Debug|Any CPU
		{51C38061-2DDD-4031-AB61-B01F1EA7FBB5}.Debug|Any CPU.Build.0 = Debug|Any CPU
		{51C38061-2DDD-4031-AB61-B01F1EA7FBB5}.Release|Any CPU.ActiveCfg = Release|Any CPU
		{51C38061-2DDD-4031-AB61-B01F1EA7FBB5}.Release|Any CPU.Build.0 = Release|Any CPU
		{000E54D6-2FBE-48D3-89E2-A086677C0F1E}.Debug|Any CPU.ActiveCfg = Debug|Any CPU
		{000E54D6-2FBE-48D3-89E2-A086677C0F1E}.Debug|Any CPU.Build.0 = Debug|Any CPU
		{000E54D6-2FBE-48D3-89E2-A086677C0F1E}.Release|Any CPU.ActiveCfg = Release|Any CPU
		{000E54D6-2FBE-48D3-89E2-A086677C0F1E}.Release|Any CPU.Build.0 = Release|Any CPU
		{E753E2A8-E1DE-4F34-8738-85008435C39F}.Debug|Any CPU.ActiveCfg = Debug|Any CPU
		{E753E2A8-E1DE-4F34-8738-85008435C39F}.Debug|Any CPU.Build.0 = Debug|Any CPU
		{E753E2A8-E1DE-4F34-8738-85008435C39F}.Release|Any CPU.ActiveCfg = Release|Any CPU
		{E753E2A8-E1DE-4F34-8738-85008435C39F}.Release|Any CPU.Build.0 = Release|Any CPU
		{C15D7352-58F6-4007-989A-4EC4D02F569D}.Debug|Any CPU.ActiveCfg = Debug|Any CPU
		{C15D7352-58F6-4007-989A-4EC4D02F569D}.Debug|Any CPU.Build.0 = Debug|Any CPU
		{C15D7352-58F6-4007-989A-4EC4D02F569D}.Release|Any CPU.ActiveCfg = Release|Any CPU
		{C15D7352-58F6-4007-989A-4EC4D02F569D}.Release|Any CPU.Build.0 = Release|Any CPU
		{66C96048-9A19-479A-BB46-E3877E272F7E}.Debug|Any CPU.ActiveCfg = Debug|Any CPU
		{66C96048-9A19-479A-BB46-E3877E272F7E}.Debug|Any CPU.Build.0 = Debug|Any CPU
		{66C96048-9A19-479A-BB46-E3877E272F7E}.Release|Any CPU.ActiveCfg = Release|Any CPU
		{66C96048-9A19-479A-BB46-E3877E272F7E}.Release|Any CPU.Build.0 = Release|Any CPU
		{55367609-1576-496D-83DE-879D9FC0AEEC}.Debug|Any CPU.ActiveCfg = Debug|Any CPU
		{55367609-1576-496D-83DE-879D9FC0AEEC}.Debug|Any CPU.Build.0 = Debug|Any CPU
		{55367609-1576-496D-83DE-879D9FC0AEEC}.Release|Any CPU.ActiveCfg = Release|Any CPU
		{55367609-1576-496D-83DE-879D9FC0AEEC}.Release|Any CPU.Build.0 = Release|Any CPU
		{95151D13-2315-4974-B49E-1266B1D23FFE}.Debug|Any CPU.ActiveCfg = Debug|Any CPU
		{95151D13-2315-4974-B49E-1266B1D23FFE}.Debug|Any CPU.Build.0 = Debug|Any CPU
		{95151D13-2315-4974-B49E-1266B1D23FFE}.Release|Any CPU.ActiveCfg = Release|Any CPU
		{95151D13-2315-4974-B49E-1266B1D23FFE}.Release|Any CPU.Build.0 = Release|Any CPU
		{791E7D66-1D00-495D-ABF3-E53EFB2E8865}.Debug|Any CPU.ActiveCfg = Debug|Any CPU
		{791E7D66-1D00-495D-ABF3-E53EFB2E8865}.Debug|Any CPU.Build.0 = Debug|Any CPU
		{791E7D66-1D00-495D-ABF3-E53EFB2E8865}.Release|Any CPU.ActiveCfg = Release|Any CPU
		{791E7D66-1D00-495D-ABF3-E53EFB2E8865}.Release|Any CPU.Build.0 = Release|Any CPU
		{306EB086-439D-432B-80EA-DEBA62E9240E}.Debug|Any CPU.ActiveCfg = Debug|Any CPU
		{306EB086-439D-432B-80EA-DEBA62E9240E}.Debug|Any CPU.Build.0 = Debug|Any CPU
		{306EB086-439D-432B-80EA-DEBA62E9240E}.Release|Any CPU.ActiveCfg = Release|Any CPU
		{306EB086-439D-432B-80EA-DEBA62E9240E}.Release|Any CPU.Build.0 = Release|Any CPU
		{FDFC8056-25C6-4863-AE81-49C249ED9E5C}.Debug|Any CPU.ActiveCfg = Debug|Any CPU
		{FDFC8056-25C6-4863-AE81-49C249ED9E5C}.Debug|Any CPU.Build.0 = Debug|Any CPU
		{FDFC8056-25C6-4863-AE81-49C249ED9E5C}.Release|Any CPU.ActiveCfg = Release|Any CPU
		{FDFC8056-25C6-4863-AE81-49C249ED9E5C}.Release|Any CPU.Build.0 = Release|Any CPU
		{1BDA47F6-A91B-40AF-97A7-B26040393868}.Debug|Any CPU.ActiveCfg = Debug|Any CPU
		{1BDA47F6-A91B-40AF-97A7-B26040393868}.Debug|Any CPU.Build.0 = Debug|Any CPU
		{1BDA47F6-A91B-40AF-97A7-B26040393868}.Release|Any CPU.ActiveCfg = Release|Any CPU
		{1BDA47F6-A91B-40AF-97A7-B26040393868}.Release|Any CPU.Build.0 = Release|Any CPU
		{8A2E282A-6180-44C5-AA79-27D41D9673E6}.Debug|Any CPU.ActiveCfg = Debug|Any CPU
		{8A2E282A-6180-44C5-AA79-27D41D9673E6}.Debug|Any CPU.Build.0 = Debug|Any CPU
		{8A2E282A-6180-44C5-AA79-27D41D9673E6}.Release|Any CPU.ActiveCfg = Release|Any CPU
		{8A2E282A-6180-44C5-AA79-27D41D9673E6}.Release|Any CPU.Build.0 = Release|Any CPU
		{AB64FAC5-3133-47FD-BAD3-6404FEB75403}.Debug|Any CPU.ActiveCfg = Debug|Any CPU
		{AB64FAC5-3133-47FD-BAD3-6404FEB75403}.Debug|Any CPU.Build.0 = Debug|Any CPU
		{AB64FAC5-3133-47FD-BAD3-6404FEB75403}.Release|Any CPU.ActiveCfg = Release|Any CPU
		{AB64FAC5-3133-47FD-BAD3-6404FEB75403}.Release|Any CPU.Build.0 = Release|Any CPU
		{EAF7A7E9-3A7B-4CE8-91B4-0AF4FC4199B3}.Debug|Any CPU.ActiveCfg = Debug|Any CPU
		{EAF7A7E9-3A7B-4CE8-91B4-0AF4FC4199B3}.Debug|Any CPU.Build.0 = Debug|Any CPU
		{EAF7A7E9-3A7B-4CE8-91B4-0AF4FC4199B3}.Release|Any CPU.ActiveCfg = Release|Any CPU
		{EAF7A7E9-3A7B-4CE8-91B4-0AF4FC4199B3}.Release|Any CPU.Build.0 = Release|Any CPU
		{D16B605D-0E3A-443E-B08C-357065746813}.Debug|Any CPU.ActiveCfg = Debug|Any CPU
		{D16B605D-0E3A-443E-B08C-357065746813}.Debug|Any CPU.Build.0 = Debug|Any CPU
		{D16B605D-0E3A-443E-B08C-357065746813}.Release|Any CPU.ActiveCfg = Release|Any CPU
		{D16B605D-0E3A-443E-B08C-357065746813}.Release|Any CPU.Build.0 = Release|Any CPU
	EndGlobalSection
	GlobalSection(SolutionProperties) = preSolution
		HideSolutionNode = FALSE
	EndGlobalSection
	GlobalSection(NestedProjects) = preSolution
		{A93140BD-8198-42C3-A17E-FDAF822A4A46} = {0C1CC24B-910E-488E-8B09-A77056D84ACC}
		{11B2AD6F-2020-46A8-84B8-3E0EE3481F3E} = {0C1CC24B-910E-488E-8B09-A77056D84ACC}
		{DD29348C-5683-49DB-B840-8D89039004A5} = {0C1CC24B-910E-488E-8B09-A77056D84ACC}
		{139BF1CE-A2C1-4BDC-879D-98100A0830CF} = {0C1CC24B-910E-488E-8B09-A77056D84ACC}
		{DDD36FC3-D574-4FFB-8580-E22A59B1DC3F} = {0C1CC24B-910E-488E-8B09-A77056D84ACC}
		{CD971CB3-EF1D-4620-BD12-DA3C86864728} = {87A66F75-8C34-47A9-A296-D67529B58628}
		{23E9B770-AED2-4B90-B6BF-963E6CCCDB5F} = {87A66F75-8C34-47A9-A296-D67529B58628}
		{DB9C6028-5296-413F-9643-10BD50E3F79B} = {CD971CB3-EF1D-4620-BD12-DA3C86864728}
		{0B5863DC-2313-45C6-86FE-F804B31DE896} = {23E9B770-AED2-4B90-B6BF-963E6CCCDB5F}
		{C86C1A59-6DCD-463C-915A-A5EAB00C59D8} = {CD971CB3-EF1D-4620-BD12-DA3C86864728}
		{26121964-D7BF-496D-8AB1-AE5667998E65} = {0C1CC24B-910E-488E-8B09-A77056D84ACC}
		{DE23B06E-2B2A-4ED1-85DC-E0285B6B1FB3} = {A6D006F4-2E0D-4CFA-B0D8-A46169100865}
		{D3E58BC7-92FD-4F31-B269-6627F5CD08D2} = {15AC4D16-F203-4DCA-B12C-25C0D47F4918}
		{84253BDD-EF57-4260-9AB8-49A246DD20A6} = {15AC4D16-F203-4DCA-B12C-25C0D47F4918}
		{B2EF3EBC-C54B-412A-B1D0-16497BEE7787} = {15AC4D16-F203-4DCA-B12C-25C0D47F4918}
		{634D43F5-9F6A-48CF-BBB6-C38B15D9D219} = {15AC4D16-F203-4DCA-B12C-25C0D47F4918}
		{4705C156-21E1-4875-B710-B843D76867FA} = {A6D006F4-2E0D-4CFA-B0D8-A46169100865}
		{FE370598-1A0A-4CFF-B592-7E3A6BEB2B09} = {A6D006F4-2E0D-4CFA-B0D8-A46169100865}
		{6BE319D4-18B0-4191-8298-EDC3097D16D2} = {A6D006F4-2E0D-4CFA-B0D8-A46169100865}
		{AFA67D09-BF30-424A-BEC6-D7EB73AF76D2} = {A6D006F4-2E0D-4CFA-B0D8-A46169100865}
		{4082DAF2-AC46-46F6-9F52-3EA3AC77695C} = {A6D006F4-2E0D-4CFA-B0D8-A46169100865}
		{C9556A6D-B36E-4D21-9218-38390F073E34} = {A6D006F4-2E0D-4CFA-B0D8-A46169100865}
		{9CEB91F1-B130-4A3E-B90F-904C0A118488} = {A6D006F4-2E0D-4CFA-B0D8-A46169100865}
		{35B4B56E-1857-418E-9DE4-F5E981AD755C} = {0C1CC24B-910E-488E-8B09-A77056D84ACC}
		{8A5E43AF-7827-4AF5-AF32-4ECA41F8DC91} = {D5ACA4A9-C361-48C4-B22A-6D987A6354BC}
		{57C2FBDC-0251-4510-B488-D0376350BE59} = {D5ACA4A9-C361-48C4-B22A-6D987A6354BC}
		{51C38061-2DDD-4031-AB61-B01F1EA7FBB5} = {0C1CC24B-910E-488E-8B09-A77056D84ACC}
		{000E54D6-2FBE-48D3-89E2-A086677C0F1E} = {D5ACA4A9-C361-48C4-B22A-6D987A6354BC}
		{E753E2A8-E1DE-4F34-8738-85008435C39F} = {D5ACA4A9-C361-48C4-B22A-6D987A6354BC}
		{C15D7352-58F6-4007-989A-4EC4D02F569D} = {E03FFE91-53BC-4D25-946C-F486B4B08C23}
		{66C96048-9A19-479A-BB46-E3877E272F7E} = {E03FFE91-53BC-4D25-946C-F486B4B08C23}
		{55367609-1576-496D-83DE-879D9FC0AEEC} = {E03FFE91-53BC-4D25-946C-F486B4B08C23}
		{95151D13-2315-4974-B49E-1266B1D23FFE} = {E03FFE91-53BC-4D25-946C-F486B4B08C23}
		{791E7D66-1D00-495D-ABF3-E53EFB2E8865} = {ED447BC4-4478-43EB-BC7A-EEC4D7C102E2}
		{306EB086-439D-432B-80EA-DEBA62E9240E} = {ED447BC4-4478-43EB-BC7A-EEC4D7C102E2}
		{FDFC8056-25C6-4863-AE81-49C249ED9E5C} = {ED447BC4-4478-43EB-BC7A-EEC4D7C102E2}
		{1BDA47F6-A91B-40AF-97A7-B26040393868} = {87A66F75-8C34-47A9-A296-D67529B58628}
		{8A2E282A-6180-44C5-AA79-27D41D9673E6} = {C1E2EB28-78B5-4430-941E-8413CC93D97C}
		{AB64FAC5-3133-47FD-BAD3-6404FEB75403} = {C1E2EB28-78B5-4430-941E-8413CC93D97C}
		{EAF7A7E9-3A7B-4CE8-91B4-0AF4FC4199B3} = {C1E2EB28-78B5-4430-941E-8413CC93D97C}
		{D16B605D-0E3A-443E-B08C-357065746813} = {4880F6EA-324E-4B5F-B1CF-4922F93239C4}
	EndGlobalSection
	GlobalSection(ExtensibilityGlobals) = postSolution
		SolutionGuid = {7A7DC65A-A5FF-44D3-A316-2470826084D9}
	EndGlobalSection
EndGlobal
