
Microsoft Visual Studio Solution File, Format Version 12.00
# Visual Studio Version 17
VisualStudioVersion = 17.1.32328.378
MinimumVisualStudioVersion = 10.0.40219.1
Project("{2150E333-8FDC-42A3-9474-1A3956D46DE8}") = "CommonLibrary", "CommonLibrary", "{0C1CC24B-910E-488E-8B09-A77056D84ACC}"
EndProject
Project("{9A19103F-16F7-4668-BE54-9A1E7A4F7556}") = "GFS.Common", "GFS.Common\GFS.Common.csproj", "{A93140BD-8198-42C3-A17E-FDAF822A4A46}"
EndProject
Project("{9A19103F-16F7-4668-BE54-9A1E7A4F7556}") = "GFS.GraalCommon", "GFS.GraalCommon\GFS.GraalCommon.csproj", "{36758A33-0852-463A-8D93-AA9FB7DDA810}"
EndProject
Project("{9A19103F-16F7-4668-BE54-9A1E7A4F7556}") = "GFS.EF", "GFS.EF\GFS.EF.csproj", "{11B2AD6F-2020-46A8-84B8-3E0EE3481F3E}"
EndProject
Project("{9A19103F-16F7-4668-BE54-9A1E7A4F7556}") = "GFS.WebApplication", "GFS.WebApplication\GFS.WebApplication.csproj", "{DD29348C-5683-49DB-B840-8D89039004A5}"
EndProject
Project("{2150E333-8FDC-42A3-9474-1A3956D46DE8}") = "Test", "Test", "{87A66F75-8C34-47A9-A296-D67529B58628}"
EndProject
Project("{9A19103F-16F7-4668-BE54-9A1E7A4F7556}") = "WebApplication1", "WebApplication1\WebApplication1.csproj", "{77AF19C6-0E75-4577-B51E-0664601B5431}"
EndProject
Project("{FAE04EC0-301F-11D3-BF4B-00C04F79EFBC}") = "GFS.Configuration", "GFS.Configuration\GFS.Configuration.csproj", "{6E58BA4C-7E02-4BA3-B44A-5A0565A7F259}"
EndProject
Global
	GlobalSection(SolutionConfigurationPlatforms) = preSolution
		Debug|Any CPU = Debug|Any CPU
		Release|Any CPU = Release|Any CPU
	EndGlobalSection
	GlobalSection(ProjectConfigurationPlatforms) = postSolution
		{A93140BD-8198-42C3-A17E-FDAF822A4A46}.Debug|Any CPU.ActiveCfg = Debug|Any CPU
		{A93140BD-8198-42C3-A17E-FDAF822A4A46}.Debug|Any CPU.Build.0 = Debug|Any CPU
		{A93140BD-8198-42C3-A17E-FDAF822A4A46}.Release|Any CPU.ActiveCfg = Release|Any CPU
		{A93140BD-8198-42C3-A17E-FDAF822A4A46}.Release|Any CPU.Build.0 = Release|Any CPU
		{36758A33-0852-463A-8D93-AA9FB7DDA810}.Debug|Any CPU.ActiveCfg = Debug|Any CPU
		{36758A33-0852-463A-8D93-AA9FB7DDA810}.Debug|Any CPU.Build.0 = Debug|Any CPU
		{36758A33-0852-463A-8D93-AA9FB7DDA810}.Release|Any CPU.ActiveCfg = Release|Any CPU
		{36758A33-0852-463A-8D93-AA9FB7DDA810}.Release|Any CPU.Build.0 = Release|Any CPU
		{11B2AD6F-2020-46A8-84B8-3E0EE3481F3E}.Debug|Any CPU.ActiveCfg = Debug|Any CPU
		{11B2AD6F-2020-46A8-84B8-3E0EE3481F3E}.Debug|Any CPU.Build.0 = Debug|Any CPU
		{11B2AD6F-2020-46A8-84B8-3E0EE3481F3E}.Release|Any CPU.ActiveCfg = Release|Any CPU
		{11B2AD6F-2020-46A8-84B8-3E0EE3481F3E}.Release|Any CPU.Build.0 = Release|Any CPU
		{DD29348C-5683-49DB-B840-8D89039004A5}.Debug|Any CPU.ActiveCfg = Debug|Any CPU
		{DD29348C-5683-49DB-B840-8D89039004A5}.Debug|Any CPU.Build.0 = Debug|Any CPU
		{DD29348C-5683-49DB-B840-8D89039004A5}.Release|Any CPU.ActiveCfg = Release|Any CPU
		{DD29348C-5683-49DB-B840-8D89039004A5}.Release|Any CPU.Build.0 = Release|Any CPU
		{77AF19C6-0E75-4577-B51E-0664601B5431}.Debug|Any CPU.ActiveCfg = Debug|Any CPU
		{77AF19C6-0E75-4577-B51E-0664601B5431}.Debug|Any CPU.Build.0 = Debug|Any CPU
		{77AF19C6-0E75-4577-B51E-0664601B5431}.Release|Any CPU.ActiveCfg = Release|Any CPU
		{77AF19C6-0E75-4577-B51E-0664601B5431}.Release|Any CPU.Build.0 = Release|Any CPU
		{6E58BA4C-7E02-4BA3-B44A-5A0565A7F259}.Debug|Any CPU.ActiveCfg = Debug|Any CPU
		{6E58BA4C-7E02-4BA3-B44A-5A0565A7F259}.Debug|Any CPU.Build.0 = Debug|Any CPU
		{6E58BA4C-7E02-4BA3-B44A-5A0565A7F259}.Release|Any CPU.ActiveCfg = Release|Any CPU
		{6E58BA4C-7E02-4BA3-B44A-5A0565A7F259}.Release|Any CPU.Build.0 = Release|Any CPU
	EndGlobalSection
	GlobalSection(SolutionProperties) = preSolution
		HideSolutionNode = FALSE
	EndGlobalSection
	GlobalSection(NestedProjects) = preSolution
		{A93140BD-8198-42C3-A17E-FDAF822A4A46} = {0C1CC24B-910E-488E-8B09-A77056D84ACC}
		{36758A33-0852-463A-8D93-AA9FB7DDA810} = {0C1CC24B-910E-488E-8B09-A77056D84ACC}
		{11B2AD6F-2020-46A8-84B8-3E0EE3481F3E} = {0C1CC24B-910E-488E-8B09-A77056D84ACC}
		{DD29348C-5683-49DB-B840-8D89039004A5} = {0C1CC24B-910E-488E-8B09-A77056D84ACC}
		{77AF19C6-0E75-4577-B51E-0664601B5431} = {87A66F75-8C34-47A9-A296-D67529B58628}
		{6E58BA4C-7E02-4BA3-B44A-5A0565A7F259} = {0C1CC24B-910E-488E-8B09-A77056D84ACC}
	EndGlobalSection
	GlobalSection(ExtensibilityGlobals) = postSolution
		SolutionGuid = {7A7DC65A-A5FF-44D3-A316-2470826084D9}
	EndGlobalSection
EndGlobal
